{
  "name": "test_npm",
  "lockfileVersion": 2,
  "requires": true,
  "packages": {
    "": {
      "dependencies": {
        "undici": "^4.10.3"
      }
    },
    "node_modules/undici": {
      "version": "4.10.3",
      "resolved": "https://registry.npmjs.org/undici/-/undici-4.10.3.tgz",
      "integrity": "sha512-oMfhoSsFdu7ft+10gBpQ98gfIGT6qovXXRxYPOe07xfUJwpVTcFs0xvuAEpNqtObhf4HQWuMW5kWzaD768YS4Q==",
      "engines": {
        "node": ">=12.18"
      }
    }
  },
  "dependencies": {
    "undici": {
      "version": "4.10.3",
      "resolved": "https://registry.npmjs.org/undici/-/undici-4.10.3.tgz",
      "integrity": "sha512-oMfhoSsFdu7ft+10gBpQ98gfIGT6qovXXRxYPOe07xfUJwpVTcFs0xvuAEpNqtObhf4HQWuMW5kWzaD768YS4Q=="
    }
  }
}
